
Microsoft Visual Studio Solution File, Format Version 12.00
# Visual Studio Version 17
VisualStudioVersion = 17.9.34701.34
MinimumVisualStudioVersion = 10.0.40219.1
Project("{2150E333-8FDC-42A3-9474-1A3956D46DE8}") = "Services", "Services", "{61DD486D-D787-44E5-BAEE-710D586E26C8}"
EndProject
Project("{2150E333-8FDC-42A3-9474-1A3956D46DE8}") = "Catalog", "Catalog", "{CC15A00D-B5E6-4C3F-BCA0-16C31DE56652}"
EndProject
Project("{9A19103F-16F7-4668-BE54-9A1E7A4F7556}") = "MultiShop.Catalog", "Services\Catalog\MultiShop.Catalog\MultiShop.Catalog.csproj", "{AB2F4D5A-8742-4595-BC10-0C04A68C7AFE}"
EndProject
Project("{2150E333-8FDC-42A3-9474-1A3956D46DE8}") = "Order", "Order", "{D406C850-5806-437B-8C0B-C1DFB0FA979F}"
EndProject
Project("{2150E333-8FDC-42A3-9474-1A3956D46DE8}") = "Core", "Core", "{AA1F011B-6827-454B-8F0A-6B7A3B4A5EBF}"
EndProject
Project("{2150E333-8FDC-42A3-9474-1A3956D46DE8}") = "Infrastructure", "Infrastructure", "{EB19B0F9-0321-4C1E-A2F1-F00F92323078}"
EndProject
Project("{2150E333-8FDC-42A3-9474-1A3956D46DE8}") = "Presentation", "Presentation", "{9B34F332-7DCF-496C-82A9-36F28EC6E15F}"
EndProject
Project("{9A19103F-16F7-4668-BE54-9A1E7A4F7556}") = "MultiShop.Order.Application", "Services\Order\Core\MultiShop.Order.Application\MultiShop.Order.Application.csproj", "{614B3EB4-5C2F-4361-92DD-4ECA1B63CF99}"
EndProject
Project("{9A19103F-16F7-4668-BE54-9A1E7A4F7556}") = "MultiShop.Order.Domain", "Services\Order\Core\MultiShop.Order.Domain\MultiShop.Order.Domain.csproj", "{332C2634-1EA0-4EBD-9919-7DF4B432F08A}"
EndProject
Project("{9A19103F-16F7-4668-BE54-9A1E7A4F7556}") = "MultiShop.Order.Persistence", "Services\Order\Infrastructure\MultiShop.Order.Persistence\MultiShop.Order.Persistence.csproj", "{76A33901-A7B7-4A71-8064-86AC91F9021C}"
EndProject
Project("{9A19103F-16F7-4668-BE54-9A1E7A4F7556}") = "MultiShop.Order.WebApi", "Services\Order\Presentation\MultiShop.Order.WebApi\MultiShop.Order.WebApi.csproj", "{7CC50E7B-5E1A-47D2-83AD-CEB44414F749}"
EndProject
Project("{2150E333-8FDC-42A3-9474-1A3956D46DE8}") = "IdentityServer", "IdentityServer", "{57620E0A-42E7-4B94-B780-A12FF68F5382}"
EndProject
Project("{2150E333-8FDC-42A3-9474-1A3956D46DE8}") = "Discount", "Discount", "{5013D7C6-53C2-4099-A8C5-A41F37AC95BC}"
EndProject
Project("{9A19103F-16F7-4668-BE54-9A1E7A4F7556}") = "MultiShop.Discount", "Services\Discount\MultiShop.Discount\MultiShop.Discount.csproj", "{3C2324D8-A6BB-43FC-BBCC-B603B781958D}"
EndProject
Project("{2150E333-8FDC-42A3-9474-1A3956D46DE8}") = "Cargo", "Cargo", "{D90F5EB0-1C1C-425C-B577-A157C805DBE6}"
EndProject
Project("{9A19103F-16F7-4668-BE54-9A1E7A4F7556}") = "MultiShop.Cargo.EntityLayer", "Services\Cargo\MultiShop.Cargo.EntityLayer\MultiShop.Cargo.EntityLayer.csproj", "{B3FAB638-0F5B-4BEF-812E-751AF19EFEE3}"
EndProject
Project("{9A19103F-16F7-4668-BE54-9A1E7A4F7556}") = "MultiShop.Cargo.BusinessLayer", "Services\Cargo\MultiShop.Cargo.BusinessLayer\MultiShop.Cargo.BusinessLayer.csproj", "{953E8ADF-8D92-4DCC-BBE9-4B442F5909C5}"
EndProject
Project("{9A19103F-16F7-4668-BE54-9A1E7A4F7556}") = "MultiShop.Cargo.DataAccessLayer", "Services\Cargo\MultiShop.Cargo.DataAccessLayer\MultiShop.Cargo.DataAccessLayer.csproj", "{60783380-E836-44E5-9FAC-736B8762C487}"
EndProject
Project("{9A19103F-16F7-4668-BE54-9A1E7A4F7556}") = "MultiShop.Cargo.DtoLayer", "Services\Cargo\MultiShop.Cargo.DtoLayer\MultiShop.Cargo.DtoLayer.csproj", "{DB1CAEC0-C12E-4619-BA6D-B04BDD54D8AD}"
EndProject
Project("{9A19103F-16F7-4668-BE54-9A1E7A4F7556}") = "MultiShop.Cargo.WebAPI", "Services\Cargo\MultiShop.Cargo.WebAPI\MultiShop.Cargo.WebAPI.csproj", "{56BA76D9-4C33-4750-BB37-3AD7A79F4CBF}"
EndProject
Project("{9A19103F-16F7-4668-BE54-9A1E7A4F7556}") = "MultiShop.IdentityServer", "IdentityServer\MultiShop.IdentityServer\MultiShop.IdentityServer.csproj", "{D5C3BA18-9919-4346-9F4D-5D9CA6005298}"
EndProject
Project("{2150E333-8FDC-42A3-9474-1A3956D46DE8}") = "Basket", "Basket", "{25D1833F-6208-418C-BDA2-E5E5625FB0D7}"
EndProject
Project("{9A19103F-16F7-4668-BE54-9A1E7A4F7556}") = "MultiShop.Basket", "Services\Basket\MultiShop.Basket\MultiShop.Basket.csproj", "{222D181C-AF47-42EA-949B-D8F03F0F894C}"
EndProject
Project("{2150E333-8FDC-42A3-9474-1A3956D46DE8}") = "Frontends", "Frontends", "{6C872053-38E0-4D63-A287-64F383BC5289}"
EndProject
Project("{9A19103F-16F7-4668-BE54-9A1E7A4F7556}") = "MultiShop.WebUI", "Frontends\MultiShop.WebUI\MultiShop.WebUI.csproj", "{DD871CA6-D705-4330-96B5-86B4931D24C0}"
EndProject
Project("{9A19103F-16F7-4668-BE54-9A1E7A4F7556}") = "MultiShop.DtoLayer", "Frontends\MultiShop.DtoLayer\MultiShop.DtoLayer.csproj", "{89599F78-7430-441F-8783-C5BECAEEAAA6}"
EndProject
Project("{2150E333-8FDC-42A3-9474-1A3956D46DE8}") = "Comment", "Comment", "{76D7A555-248C-421B-84E7-D120EE170E93}"
EndProject
Project("{9A19103F-16F7-4668-BE54-9A1E7A4F7556}") = "MultiShop.Comment", "Services\Comment\MultiShop.Comment\MultiShop.Comment.csproj", "{55E9AD63-ADF9-45B7-82A9-7D17BE960CE4}"
EndProject
Project("{2150E333-8FDC-42A3-9474-1A3956D46DE8}") = "ApiGateway", "ApiGateway", "{1AC12C5C-FC63-4B4E-BA9E-F09AA9476005}"
EndProject
Project("{FAE04EC0-301F-11D3-BF4B-00C04F79EFBC}") = "MultiShop.OcelotGateway", "ApiGateway\MultiShop.OcelotGateway\MultiShop.OcelotGateway.csproj", "{1BAA4B24-C9DD-4568-94C5-284E7A62D927}"
EndProject
Global
	GlobalSection(SolutionConfigurationPlatforms) = preSolution
		Debug|Any CPU = Debug|Any CPU
		Release|Any CPU = Release|Any CPU
	EndGlobalSection
	GlobalSection(ProjectConfigurationPlatforms) = postSolution
		{AB2F4D5A-8742-4595-BC10-0C04A68C7AFE}.Debug|Any CPU.ActiveCfg = Debug|Any CPU
		{AB2F4D5A-8742-4595-BC10-0C04A68C7AFE}.Debug|Any CPU.Build.0 = Debug|Any CPU
		{AB2F4D5A-8742-4595-BC10-0C04A68C7AFE}.Release|Any CPU.ActiveCfg = Release|Any CPU
		{AB2F4D5A-8742-4595-BC10-0C04A68C7AFE}.Release|Any CPU.Build.0 = Release|Any CPU
		{614B3EB4-5C2F-4361-92DD-4ECA1B63CF99}.Debug|Any CPU.ActiveCfg = Debug|Any CPU
		{614B3EB4-5C2F-4361-92DD-4ECA1B63CF99}.Debug|Any CPU.Build.0 = Debug|Any CPU
		{614B3EB4-5C2F-4361-92DD-4ECA1B63CF99}.Release|Any CPU.ActiveCfg = Release|Any CPU
		{614B3EB4-5C2F-4361-92DD-4ECA1B63CF99}.Release|Any CPU.Build.0 = Release|Any CPU
		{332C2634-1EA0-4EBD-9919-7DF4B432F08A}.Debug|Any CPU.ActiveCfg = Debug|Any CPU
		{332C2634-1EA0-4EBD-9919-7DF4B432F08A}.Debug|Any CPU.Build.0 = Debug|Any CPU
		{332C2634-1EA0-4EBD-9919-7DF4B432F08A}.Release|Any CPU.ActiveCfg = Release|Any CPU
		{332C2634-1EA0-4EBD-9919-7DF4B432F08A}.Release|Any CPU.Build.0 = Release|Any CPU
		{76A33901-A7B7-4A71-8064-86AC91F9021C}.Debug|Any CPU.ActiveCfg = Debug|Any CPU
		{76A33901-A7B7-4A71-8064-86AC91F9021C}.Debug|Any CPU.Build.0 = Debug|Any CPU
		{76A33901-A7B7-4A71-8064-86AC91F9021C}.Release|Any CPU.ActiveCfg = Release|Any CPU
		{76A33901-A7B7-4A71-8064-86AC91F9021C}.Release|Any CPU.Build.0 = Release|Any CPU
		{7CC50E7B-5E1A-47D2-83AD-CEB44414F749}.Debug|Any CPU.ActiveCfg = Debug|Any CPU
		{7CC50E7B-5E1A-47D2-83AD-CEB44414F749}.Debug|Any CPU.Build.0 = Debug|Any CPU
		{7CC50E7B-5E1A-47D2-83AD-CEB44414F749}.Release|Any CPU.ActiveCfg = Release|Any CPU
		{7CC50E7B-5E1A-47D2-83AD-CEB44414F749}.Release|Any CPU.Build.0 = Release|Any CPU
		{3C2324D8-A6BB-43FC-BBCC-B603B781958D}.Debug|Any CPU.ActiveCfg = Debug|Any CPU
		{3C2324D8-A6BB-43FC-BBCC-B603B781958D}.Debug|Any CPU.Build.0 = Debug|Any CPU
		{3C2324D8-A6BB-43FC-BBCC-B603B781958D}.Release|Any CPU.ActiveCfg = Release|Any CPU
		{3C2324D8-A6BB-43FC-BBCC-B603B781958D}.Release|Any CPU.Build.0 = Release|Any CPU
		{B3FAB638-0F5B-4BEF-812E-751AF19EFEE3}.Debug|Any CPU.ActiveCfg = Debug|Any CPU
		{B3FAB638-0F5B-4BEF-812E-751AF19EFEE3}.Debug|Any CPU.Build.0 = Debug|Any CPU
		{B3FAB638-0F5B-4BEF-812E-751AF19EFEE3}.Release|Any CPU.ActiveCfg = Release|Any CPU
		{B3FAB638-0F5B-4BEF-812E-751AF19EFEE3}.Release|Any CPU.Build.0 = Release|Any CPU
		{953E8ADF-8D92-4DCC-BBE9-4B442F5909C5}.Debug|Any CPU.ActiveCfg = Debug|Any CPU
		{953E8ADF-8D92-4DCC-BBE9-4B442F5909C5}.Debug|Any CPU.Build.0 = Debug|Any CPU
		{953E8ADF-8D92-4DCC-BBE9-4B442F5909C5}.Release|Any CPU.ActiveCfg = Release|Any CPU
		{953E8ADF-8D92-4DCC-BBE9-4B442F5909C5}.Release|Any CPU.Build.0 = Release|Any CPU
		{60783380-E836-44E5-9FAC-736B8762C487}.Debug|Any CPU.ActiveCfg = Debug|Any CPU
		{60783380-E836-44E5-9FAC-736B8762C487}.Debug|Any CPU.Build.0 = Debug|Any CPU
		{60783380-E836-44E5-9FAC-736B8762C487}.Release|Any CPU.ActiveCfg = Release|Any CPU
		{60783380-E836-44E5-9FAC-736B8762C487}.Release|Any CPU.Build.0 = Release|Any CPU
		{DB1CAEC0-C12E-4619-BA6D-B04BDD54D8AD}.Debug|Any CPU.ActiveCfg = Debug|Any CPU
		{DB1CAEC0-C12E-4619-BA6D-B04BDD54D8AD}.Debug|Any CPU.Build.0 = Debug|Any CPU
		{DB1CAEC0-C12E-4619-BA6D-B04BDD54D8AD}.Release|Any CPU.ActiveCfg = Release|Any CPU
		{DB1CAEC0-C12E-4619-BA6D-B04BDD54D8AD}.Release|Any CPU.Build.0 = Release|Any CPU
		{56BA76D9-4C33-4750-BB37-3AD7A79F4CBF}.Debug|Any CPU.ActiveCfg = Debug|Any CPU
		{56BA76D9-4C33-4750-BB37-3AD7A79F4CBF}.Debug|Any CPU.Build.0 = Debug|Any CPU
		{56BA76D9-4C33-4750-BB37-3AD7A79F4CBF}.Release|Any CPU.ActiveCfg = Release|Any CPU
		{56BA76D9-4C33-4750-BB37-3AD7A79F4CBF}.Release|Any CPU.Build.0 = Release|Any CPU
		{D5C3BA18-9919-4346-9F4D-5D9CA6005298}.Debug|Any CPU.ActiveCfg = Debug|Any CPU
		{D5C3BA18-9919-4346-9F4D-5D9CA6005298}.Debug|Any CPU.Build.0 = Debug|Any CPU
		{D5C3BA18-9919-4346-9F4D-5D9CA6005298}.Release|Any CPU.ActiveCfg = Release|Any CPU
		{D5C3BA18-9919-4346-9F4D-5D9CA6005298}.Release|Any CPU.Build.0 = Release|Any CPU
		{222D181C-AF47-42EA-949B-D8F03F0F894C}.Debug|Any CPU.ActiveCfg = Debug|Any CPU
		{222D181C-AF47-42EA-949B-D8F03F0F894C}.Debug|Any CPU.Build.0 = Debug|Any CPU
		{222D181C-AF47-42EA-949B-D8F03F0F894C}.Release|Any CPU.ActiveCfg = Release|Any CPU
		{222D181C-AF47-42EA-949B-D8F03F0F894C}.Release|Any CPU.Build.0 = Release|Any CPU
		{DD871CA6-D705-4330-96B5-86B4931D24C0}.Debug|Any CPU.ActiveCfg = Debug|Any CPU
		{DD871CA6-D705-4330-96B5-86B4931D24C0}.Debug|Any CPU.Build.0 = Debug|Any CPU
		{DD871CA6-D705-4330-96B5-86B4931D24C0}.Release|Any CPU.ActiveCfg = Release|Any CPU
		{DD871CA6-D705-4330-96B5-86B4931D24C0}.Release|Any CPU.Build.0 = Release|Any CPU
		{89599F78-7430-441F-8783-C5BECAEEAAA6}.Debug|Any CPU.ActiveCfg = Debug|Any CPU
		{89599F78-7430-441F-8783-C5BECAEEAAA6}.Debug|Any CPU.Build.0 = Debug|Any CPU
		{89599F78-7430-441F-8783-C5BECAEEAAA6}.Release|Any CPU.ActiveCfg = Release|Any CPU
		{89599F78-7430-441F-8783-C5BECAEEAAA6}.Release|Any CPU.Build.0 = Release|Any CPU
		{55E9AD63-ADF9-45B7-82A9-7D17BE960CE4}.Debug|Any CPU.ActiveCfg = Debug|Any CPU
		{55E9AD63-ADF9-45B7-82A9-7D17BE960CE4}.Debug|Any CPU.Build.0 = Debug|Any CPU
		{55E9AD63-ADF9-45B7-82A9-7D17BE960CE4}.Release|Any CPU.ActiveCfg = Release|Any CPU
		{55E9AD63-ADF9-45B7-82A9-7D17BE960CE4}.Release|Any CPU.Build.0 = Release|Any CPU
		{1BAA4B24-C9DD-4568-94C5-284E7A62D927}.Debug|Any CPU.ActiveCfg = Debug|Any CPU
		{1BAA4B24-C9DD-4568-94C5-284E7A62D927}.Debug|Any CPU.Build.0 = Debug|Any CPU
		{1BAA4B24-C9DD-4568-94C5-284E7A62D927}.Release|Any CPU.ActiveCfg = Release|Any CPU
		{1BAA4B24-C9DD-4568-94C5-284E7A62D927}.Release|Any CPU.Build.0 = Release|Any CPU
	EndGlobalSection
	GlobalSection(SolutionProperties) = preSolution
		HideSolutionNode = FALSE
	EndGlobalSection
	GlobalSection(NestedProjects) = preSolution
		{CC15A00D-B5E6-4C3F-BCA0-16C31DE56652} = {61DD486D-D787-44E5-BAEE-710D586E26C8}
		{AB2F4D5A-8742-4595-BC10-0C04A68C7AFE} = {CC15A00D-B5E6-4C3F-BCA0-16C31DE56652}
		{D406C850-5806-437B-8C0B-C1DFB0FA979F} = {61DD486D-D787-44E5-BAEE-710D586E26C8}
		{AA1F011B-6827-454B-8F0A-6B7A3B4A5EBF} = {D406C850-5806-437B-8C0B-C1DFB0FA979F}
		{EB19B0F9-0321-4C1E-A2F1-F00F92323078} = {D406C850-5806-437B-8C0B-C1DFB0FA979F}
		{9B34F332-7DCF-496C-82A9-36F28EC6E15F} = {D406C850-5806-437B-8C0B-C1DFB0FA979F}
		{614B3EB4-5C2F-4361-92DD-4ECA1B63CF99} = {AA1F011B-6827-454B-8F0A-6B7A3B4A5EBF}
		{332C2634-1EA0-4EBD-9919-7DF4B432F08A} = {AA1F011B-6827-454B-8F0A-6B7A3B4A5EBF}
		{76A33901-A7B7-4A71-8064-86AC91F9021C} = {EB19B0F9-0321-4C1E-A2F1-F00F92323078}
		{7CC50E7B-5E1A-47D2-83AD-CEB44414F749} = {9B34F332-7DCF-496C-82A9-36F28EC6E15F}
		{5013D7C6-53C2-4099-A8C5-A41F37AC95BC} = {61DD486D-D787-44E5-BAEE-710D586E26C8}
		{3C2324D8-A6BB-43FC-BBCC-B603B781958D} = {5013D7C6-53C2-4099-A8C5-A41F37AC95BC}
		{D90F5EB0-1C1C-425C-B577-A157C805DBE6} = {61DD486D-D787-44E5-BAEE-710D586E26C8}
		{B3FAB638-0F5B-4BEF-812E-751AF19EFEE3} = {D90F5EB0-1C1C-425C-B577-A157C805DBE6}
		{953E8ADF-8D92-4DCC-BBE9-4B442F5909C5} = {D90F5EB0-1C1C-425C-B577-A157C805DBE6}
		{60783380-E836-44E5-9FAC-736B8762C487} = {D90F5EB0-1C1C-425C-B577-A157C805DBE6}
		{DB1CAEC0-C12E-4619-BA6D-B04BDD54D8AD} = {D90F5EB0-1C1C-425C-B577-A157C805DBE6}
		{56BA76D9-4C33-4750-BB37-3AD7A79F4CBF} = {D90F5EB0-1C1C-425C-B577-A157C805DBE6}
		{D5C3BA18-9919-4346-9F4D-5D9CA6005298} = {57620E0A-42E7-4B94-B780-A12FF68F5382}
		{25D1833F-6208-418C-BDA2-E5E5625FB0D7} = {61DD486D-D787-44E5-BAEE-710D586E26C8}
		{222D181C-AF47-42EA-949B-D8F03F0F894C} = {25D1833F-6208-418C-BDA2-E5E5625FB0D7}
		{DD871CA6-D705-4330-96B5-86B4931D24C0} = {6C872053-38E0-4D63-A287-64F383BC5289}
		{89599F78-7430-441F-8783-C5BECAEEAAA6} = {6C872053-38E0-4D63-A287-64F383BC5289}
		{76D7A555-248C-421B-84E7-D120EE170E93} = {61DD486D-D787-44E5-BAEE-710D586E26C8}
		{55E9AD63-ADF9-45B7-82A9-7D17BE960CE4} = {76D7A555-248C-421B-84E7-D120EE170E93}
		{1BAA4B24-C9DD-4568-94C5-284E7A62D927} = {1AC12C5C-FC63-4B4E-BA9E-F09AA9476005}
	EndGlobalSection
	GlobalSection(ExtensibilityGlobals) = postSolution
		SolutionGuid = {060C7594-B662-4306-B224-D70BA3811BBC}
	EndGlobalSection
EndGlobal
